
Microsoft Visual Studio Solution File, Format Version 12.00
# Visual Studio Version 16
VisualStudioVersion = 16.0.29403.142
MinimumVisualStudioVersion = 10.0.40219.1
Project("{8BC9CEB8-8B4A-11D0-8D11-00A0C91BC942}") = "AOC2020", "AOC2020\AOC2020.vcxproj", "{D3EE8836-CEAF-40F1-9137-C4A457C278B8}"
EndProject
Global
	GlobalSection(SolutionConfigurationPlatforms) = preSolution
		Debug|x64 = Debug|x64
		Debug|x86 = Debug|x86
		Release|x64 = Release|x64
		Release|x86 = Release|x86
	EndGlobalSection
	GlobalSection(ProjectConfigurationPlatforms) = postSolution
		{D3EE8836-CEAF-40F1-9137-C4A457C278B8}.Debug|x64.ActiveCfg = Debug|x64
		{D3EE8836-CEAF-40F1-9137-C4A457C278B8}.Debug|x64.Build.0 = Debug|x64
		{D3EE8836-CEAF-40F1-9137-C4A457C278B8}.Debug|x86.ActiveCfg = Debug|Win32
		{D3EE8836-CEAF-40F1-9137-C4A457C278B8}.Debug|x86.Build.0 = Debug|Win32
		{D3EE8836-CEAF-40F1-9137-C4A457C278B8}.Release|x64.ActiveCfg = Release|x64
		{D3EE8836-CEAF-40F1-9137-C4A457C278B8}.Release|x64.Build.0 = Release|x64
		{D3EE8836-CEAF-40F1-9137-C4A457C278B8}.Release|x86.ActiveCfg = Release|Win32
		{D3EE8836-CEAF-40F1-9137-C4A457C278B8}.Release|x86.Build.0 = Release|Win32
	EndGlobalSection
	GlobalSection(SolutionProperties) = preSolution
		HideSolutionNode = FALSE
	EndGlobalSection
	GlobalSection(ExtensibilityGlobals) = postSolution
		SolutionGuid = {7C8515A9-D071-4833-A69C-646C4DA06199}
	EndGlobalSection
EndGlobal
