<?xml version="1.0" encoding="utf-8"?>
<Project ToolsVersion="4.0" xmlns="http://schemas.microsoft.com/developer/msbuild/2003">
  <ItemGroup>
    <Filter Include="Source Files">
      <UniqueIdentifier>{4FC737F1-C7A5-4376-A066-2A32D752A2FF}</UniqueIdentifier>
      <Extensions>cpp;c;cc;cxx;def;odl;idl;hpj;bat;asm;asmx</Extensions>
    </Filter>
    <Filter Include="Header Files">
      <UniqueIdentifier>{93995380-89BD-4b04-88EB-625FBE52EBFB}</UniqueIdentifier>
      <Extensions>h;hh;hpp;hxx;hm;inl;inc;ipp;xsd</Extensions>
    </Filter>
    <Filter Include="Resource Files">
      <UniqueIdentifier>{67DA6AB6-F800-4c08-8B7A-83BB121AAD01}</UniqueIdentifier>
      <Extensions>rc;ico;cur;bmp;dlg;rc2;rct;bin;rgs;gif;jpg;jpeg;jpe;resx;tiff;tif;png;wav;mfcribbon-ms</Extensions>
    </Filter>
  </ItemGroup>
  <ItemGroup>
    <Text Include="input1.txt">
      <Filter>Resource Files</Filter>
    </Text>
    <Text Include="input2.txt">
      <Filter>Resource Files</Filter>
    </Text>
    <Text Include="input3.txt">
      <Filter>Resource Files</Filter>
    </Text>
    <Text Include="input4.txt">
      <Filter>Resource Files</Filter>
    </Text>
    <Text Include="input5.txt">
      <Filter>Resource Files</Filter>
    </Text>
    <Text Include="input6.txt">
      <Filter>Resource Files</Filter>
    </Text>
    <Text Include="input7.txt">
      <Filter>Resource Files</Filter>
    </Text>
    <Text Include="input8.txt">
      <Filter>Resource Files</Filter>
    </Text>
    <Text Include="input10.txt">
      <Filter>Resource Files</Filter>
    </Text>
    <Text Include="input11.txt">
      <Filter>Resource Files</Filter>
    </Text>
    <Text Include="input12.txt">
      <Filter>Resource Files</Filter>
    </Text>
    <Text Include="input14.txt">
      <Filter>Resource Files</Filter>
    </Text>
    <Text Include="input13.txt">
      <Filter>Resource Files</Filter>
    </Text>
    <Text Include="input16.txt">
      <Filter>Resource Files</Filter>
    </Text>
    <Text Include="input17.txt">
      <Filter>Resource Files</Filter>
    </Text>
    <Text Include="input18.txt">
      <Filter>Resource Files</Filter>
    </Text>
    <Text Include="input19.txt">
      <Filter>Resource Files</Filter>
    </Text>
  </ItemGroup>
  <ItemGroup>
    <ClCompile Include="main.cpp">
      <Filter>Source Files</Filter>
    </ClCompile>
    <ClCompile Include="day1.cpp">
      <Filter>Source Files</Filter>
    </ClCompile>
    <ClCompile Include="day2.cpp">
      <Filter>Source Files</Filter>
    </ClCompile>
    <ClCompile Include="day3.cpp">
      <Filter>Source Files</Filter>
    </ClCompile>
    <ClCompile Include="day4.cpp">
      <Filter>Source Files</Filter>
    </ClCompile>
    <ClCompile Include="day5.cpp">
      <Filter>Source Files</Filter>
    </ClCompile>
    <ClCompile Include="day6.cpp">
      <Filter>Source Files</Filter>
    </ClCompile>
    <ClCompile Include="day7.cpp">
      <Filter>Source Files</Filter>
    </ClCompile>
    <ClCompile Include="day8.cpp">
      <Filter>Source Files</Filter>
    </ClCompile>
    <ClCompile Include="day8.h">
      <Filter>Header Files</Filter>
    </ClCompile>
    <ClCompile Include="day9.cpp">
      <Filter>Source Files</Filter>
    </ClCompile>
    <ClCompile Include="timer.cpp">
      <Filter>Source Files</Filter>
    </ClCompile>
    <ClCompile Include="helper.cpp">
      <Filter>Source Files</Filter>
    </ClCompile>
    <ClCompile Include="day10.cpp">
      <Filter>Source Files</Filter>
    </ClCompile>
    <ClCompile Include="day11.cpp">
      <Filter>Source Files</Filter>
    </ClCompile>
    <ClCompile Include="day12.cpp">
      <Filter>Source Files</Filter>
    </ClCompile>
    <ClCompile Include="day14.cpp">
      <Filter>Source Files</Filter>
    </ClCompile>
    <ClCompile Include="day13.cpp">
      <Filter>Source Files</Filter>
    </ClCompile>
    <ClCompile Include="day15.cpp">
      <Filter>Source Files</Filter>
    </ClCompile>
    <ClCompile Include="day16.cpp">
      <Filter>Source Files</Filter>
    </ClCompile>
    <ClCompile Include="day17.cpp">
      <Filter>Source Files</Filter>
    </ClCompile>
    <ClCompile Include="day18.cpp">
      <Filter>Source Files</Filter>
    </ClCompile>
    <ClCompile Include="day19.cpp">
      <Filter>Source Files</Filter>
    </ClCompile>
  </ItemGroup>
  <ItemGroup>
    <ClInclude Include="day1.h">
      <Filter>Header Files</Filter>
    </ClInclude>
    <ClInclude Include="day2.h">
      <Filter>Header Files</Filter>
    </ClInclude>
    <ClInclude Include="day3.h">
      <Filter>Header Files</Filter>
    </ClInclude>
    <ClInclude Include="day4.h">
      <Filter>Header Files</Filter>
    </ClInclude>
    <ClInclude Include="day5.h">
      <Filter>Header Files</Filter>
    </ClInclude>
    <ClInclude Include="day6.h">
      <Filter>Header Files</Filter>
    </ClInclude>
    <ClInclude Include="day7.h">
      <Filter>Header Files</Filter>
    </ClInclude>
    <ClInclude Include="day9.h">
      <Filter>Header Files</Filter>
    </ClInclude>
    <ClInclude Include="input9.txt">
      <Filter>Resource Files</Filter>
    </ClInclude>
    <ClInclude Include="timer.h">
      <Filter>Header Files</Filter>
    </ClInclude>
    <ClInclude Include="helper.h">
      <Filter>Header Files</Filter>
    </ClInclude>
    <ClInclude Include="day10.h">
      <Filter>Header Files</Filter>
    </ClInclude>
    <ClInclude Include="day11.h">
      <Filter>Header Files</Filter>
    </ClInclude>
    <ClInclude Include="day12.h">
      <Filter>Header Files</Filter>
    </ClInclude>
    <ClInclude Include="day14.h">
      <Filter>Header Files</Filter>
    </ClInclude>
    <ClInclude Include="day13.h">
      <Filter>Header Files</Filter>
    </ClInclude>
    <ClInclude Include="day15.h">
      <Filter>Header Files</Filter>
    </ClInclude>
    <ClInclude Include="day16.h">
      <Filter>Header Files</Filter>
    </ClInclude>
    <ClInclude Include="day17.h">
      <Filter>Header Files</Filter>
    </ClInclude>
    <ClInclude Include="day18.h">
      <Filter>Header Files</Filter>
    </ClInclude>
    <ClInclude Include="day19.h">
      <Filter>Header Files</Filter>
    </ClInclude>
  </ItemGroup>
</Project>